
Microsoft Visual Studio Solution File, Format Version 12.00
# Visual Studio Version 16
VisualStudioVersion = 16.0.29001.49
MinimumVisualStudioVersion = 10.0.40219.1
Project("{8BC9CEB8-8B4A-11D0-8D11-00A0C91BC942}") = "Main", "Main\Main.vcxproj", "{72F28371-A4C1-494E-AD4A-1F3CE0C24E34}"
	ProjectSection(ProjectDependencies) = postProject
		{772FA364-5EDF-4871-A2FD-3EE1EC771C57} = {772FA364-5EDF-4871-A2FD-3EE1EC771C57}
		{78A6D6D9-BCD2-4DE5-AD50-74FDD01DD6A4} = {78A6D6D9-BCD2-4DE5-AD50-74FDD01DD6A4}
	EndProjectSection
EndProject
Project("{8BC9CEB8-8B4A-11D0-8D11-00A0C91BC942}") = "Common", "Common\Common.vcxproj", "{772FA364-5EDF-4871-A2FD-3EE1EC771C57}"
EndProject
Project("{8BC9CEB8-8B4A-11D0-8D11-00A0C91BC942}") = "Framework", "Framework\Framework.vcxproj", "{78A6D6D9-BCD2-4DE5-AD50-74FDD01DD6A4}"
	ProjectSection(ProjectDependencies) = postProject
		{772FA364-5EDF-4871-A2FD-3EE1EC771C57} = {772FA364-5EDF-4871-A2FD-3EE1EC771C57}
	EndProjectSection
EndProject
Project("{8BC9CEB8-8B4A-11D0-8D11-00A0C91BC942}") = "Renderer", "Renderer\Renderer.vcxproj", "{F0C993D5-8A3C-431B-A0AB-5987E5CE3B00}"
EndProject
Project("{8BC9CEB8-8B4A-11D0-8D11-00A0C91BC942}") = "MathLib", "MathLib\MathLib.vcxproj", "{44D03058-E16E-4634-8CC2-E2C7AD17447D}"
EndProject
Project("{8BC9CEB8-8B4A-11D0-8D11-00A0C91BC942}") = "Core", "Core\Core.vcxproj", "{C24A015F-6D3C-4A0D-A30A-4DC27360BCF1}"
EndProject
Project("{8BC9CEB8-8B4A-11D0-8D11-00A0C91BC942}") = "Compression", "Compression\Compression.vcxproj", "{01D32322-4954-4EAE-B4FA-D7066E733915}"
EndProject
Project("{8BC9CEB8-8B4A-11D0-8D11-00A0C91BC942}") = "Geometry", "Geometry\Geometry.vcxproj", "{19B8A0C2-623B-45B7-A7DE-D35C8AFEDF20}"
EndProject
Project("{8BC9CEB8-8B4A-11D0-8D11-00A0C91BC942}") = "BoundingVolumes", "BoundingVolumes\BoundingVolumes.vcxproj", "{96E7B3D2-273A-4A4E-98B4-6A1CFDCF5004}"
EndProject
Project("{8BC9CEB8-8B4A-11D0-8D11-00A0C91BC942}") = "Camera", "Camera\Camera.vcxproj", "{D7601A1C-D409-4DDE-9EC5-71E2B161472D}"
EndProject
Project("{8BC9CEB8-8B4A-11D0-8D11-00A0C91BC942}") = "Terrain", "Terrain\Terrain.vcxproj", "{95F6757D-9FE4-42D0-A4DB-9FD0785A0EA5}"
EndProject
Project("{8BC9CEB8-8B4A-11D0-8D11-00A0C91BC942}") = "TinyXML", "TinyXML\TinyXML.vcxproj", "{DDD99F4A-FCBD-4814-90C9-6E004D0B01CC}"
EndProject
Global
	GlobalSection(SolutionConfigurationPlatforms) = preSolution
		Debug|x64 = Debug|x64
		Debug|x86 = Debug|x86
		Release|x64 = Release|x64
		Release|x86 = Release|x86
	EndGlobalSection
	GlobalSection(ProjectConfigurationPlatforms) = postSolution
		{72F28371-A4C1-494E-AD4A-1F3CE0C24E34}.Debug|x64.ActiveCfg = Debug|x64
		{72F28371-A4C1-494E-AD4A-1F3CE0C24E34}.Debug|x64.Build.0 = Debug|x64
		{72F28371-A4C1-494E-AD4A-1F3CE0C24E34}.Debug|x86.ActiveCfg = Debug|Win32
		{72F28371-A4C1-494E-AD4A-1F3CE0C24E34}.Debug|x86.Build.0 = Debug|Win32
		{72F28371-A4C1-494E-AD4A-1F3CE0C24E34}.Release|x64.ActiveCfg = Release|x64
		{72F28371-A4C1-494E-AD4A-1F3CE0C24E34}.Release|x64.Build.0 = Release|x64
		{72F28371-A4C1-494E-AD4A-1F3CE0C24E34}.Release|x86.ActiveCfg = Release|Win32
		{72F28371-A4C1-494E-AD4A-1F3CE0C24E34}.Release|x86.Build.0 = Release|Win32
		{772FA364-5EDF-4871-A2FD-3EE1EC771C57}.Debug|x64.ActiveCfg = Debug|x64
		{772FA364-5EDF-4871-A2FD-3EE1EC771C57}.Debug|x64.Build.0 = Debug|x64
		{772FA364-5EDF-4871-A2FD-3EE1EC771C57}.Debug|x86.ActiveCfg = Debug|Win32
		{772FA364-5EDF-4871-A2FD-3EE1EC771C57}.Debug|x86.Build.0 = Debug|Win32
		{772FA364-5EDF-4871-A2FD-3EE1EC771C57}.Release|x64.ActiveCfg = Release|x64
		{772FA364-5EDF-4871-A2FD-3EE1EC771C57}.Release|x64.Build.0 = Release|x64
		{772FA364-5EDF-4871-A2FD-3EE1EC771C57}.Release|x86.ActiveCfg = Release|Win32
		{772FA364-5EDF-4871-A2FD-3EE1EC771C57}.Release|x86.Build.0 = Release|Win32
		{78A6D6D9-BCD2-4DE5-AD50-74FDD01DD6A4}.Debug|x64.ActiveCfg = Debug|x64
		{78A6D6D9-BCD2-4DE5-AD50-74FDD01DD6A4}.Debug|x64.Build.0 = Debug|x64
		{78A6D6D9-BCD2-4DE5-AD50-74FDD01DD6A4}.Debug|x86.ActiveCfg = Debug|Win32
		{78A6D6D9-BCD2-4DE5-AD50-74FDD01DD6A4}.Debug|x86.Build.0 = Debug|Win32
		{78A6D6D9-BCD2-4DE5-AD50-74FDD01DD6A4}.Release|x64.ActiveCfg = Release|x64
		{78A6D6D9-BCD2-4DE5-AD50-74FDD01DD6A4}.Release|x64.Build.0 = Release|x64
		{78A6D6D9-BCD2-4DE5-AD50-74FDD01DD6A4}.Release|x86.ActiveCfg = Release|Win32
		{78A6D6D9-BCD2-4DE5-AD50-74FDD01DD6A4}.Release|x86.Build.0 = Release|Win32
		{F0C993D5-8A3C-431B-A0AB-5987E5CE3B00}.Debug|x64.ActiveCfg = Debug|x64
		{F0C993D5-8A3C-431B-A0AB-5987E5CE3B00}.Debug|x64.Build.0 = Debug|x64
		{F0C993D5-8A3C-431B-A0AB-5987E5CE3B00}.Debug|x86.ActiveCfg = Debug|Win32
		{F0C993D5-8A3C-431B-A0AB-5987E5CE3B00}.Debug|x86.Build.0 = Debug|Win32
		{F0C993D5-8A3C-431B-A0AB-5987E5CE3B00}.Release|x64.ActiveCfg = Release|x64
		{F0C993D5-8A3C-431B-A0AB-5987E5CE3B00}.Release|x64.Build.0 = Release|x64
		{F0C993D5-8A3C-431B-A0AB-5987E5CE3B00}.Release|x86.ActiveCfg = Release|Win32
		{F0C993D5-8A3C-431B-A0AB-5987E5CE3B00}.Release|x86.Build.0 = Release|Win32
		{44D03058-E16E-4634-8CC2-E2C7AD17447D}.Debug|x64.ActiveCfg = Debug|x64
		{44D03058-E16E-4634-8CC2-E2C7AD17447D}.Debug|x64.Build.0 = Debug|x64
		{44D03058-E16E-4634-8CC2-E2C7AD17447D}.Debug|x86.ActiveCfg = Debug|Win32
		{44D03058-E16E-4634-8CC2-E2C7AD17447D}.Debug|x86.Build.0 = Debug|Win32
		{44D03058-E16E-4634-8CC2-E2C7AD17447D}.Release|x64.ActiveCfg = Release|x64
		{44D03058-E16E-4634-8CC2-E2C7AD17447D}.Release|x64.Build.0 = Release|x64
		{44D03058-E16E-4634-8CC2-E2C7AD17447D}.Release|x86.ActiveCfg = Release|Win32
		{44D03058-E16E-4634-8CC2-E2C7AD17447D}.Release|x86.Build.0 = Release|Win32
		{C24A015F-6D3C-4A0D-A30A-4DC27360BCF1}.Debug|x64.ActiveCfg = Debug|x64
		{C24A015F-6D3C-4A0D-A30A-4DC27360BCF1}.Debug|x64.Build.0 = Debug|x64
		{C24A015F-6D3C-4A0D-A30A-4DC27360BCF1}.Debug|x86.ActiveCfg = Debug|Win32
		{C24A015F-6D3C-4A0D-A30A-4DC27360BCF1}.Debug|x86.Build.0 = Debug|Win32
		{C24A015F-6D3C-4A0D-A30A-4DC27360BCF1}.Release|x64.ActiveCfg = Release|x64
		{C24A015F-6D3C-4A0D-A30A-4DC27360BCF1}.Release|x64.Build.0 = Release|x64
		{C24A015F-6D3C-4A0D-A30A-4DC27360BCF1}.Release|x86.ActiveCfg = Release|Win32
		{C24A015F-6D3C-4A0D-A30A-4DC27360BCF1}.Release|x86.Build.0 = Release|Win32
		{01D32322-4954-4EAE-B4FA-D7066E733915}.Debug|x64.ActiveCfg = Debug|x64
		{01D32322-4954-4EAE-B4FA-D7066E733915}.Debug|x64.Build.0 = Debug|x64
		{01D32322-4954-4EAE-B4FA-D7066E733915}.Debug|x86.ActiveCfg = Debug|Win32
		{01D32322-4954-4EAE-B4FA-D7066E733915}.Debug|x86.Build.0 = Debug|Win32
		{01D32322-4954-4EAE-B4FA-D7066E733915}.Release|x64.ActiveCfg = Release|x64
		{01D32322-4954-4EAE-B4FA-D7066E733915}.Release|x64.Build.0 = Release|x64
		{01D32322-4954-4EAE-B4FA-D7066E733915}.Release|x86.ActiveCfg = Release|Win32
		{01D32322-4954-4EAE-B4FA-D7066E733915}.Release|x86.Build.0 = Release|Win32
		{19B8A0C2-623B-45B7-A7DE-D35C8AFEDF20}.Debug|x64.ActiveCfg = Debug|x64
		{19B8A0C2-623B-45B7-A7DE-D35C8AFEDF20}.Debug|x64.Build.0 = Debug|x64
		{19B8A0C2-623B-45B7-A7DE-D35C8AFEDF20}.Debug|x86.ActiveCfg = Debug|Win32
		{19B8A0C2-623B-45B7-A7DE-D35C8AFEDF20}.Debug|x86.Build.0 = Debug|Win32
		{19B8A0C2-623B-45B7-A7DE-D35C8AFEDF20}.Release|x64.ActiveCfg = Release|x64
		{19B8A0C2-623B-45B7-A7DE-D35C8AFEDF20}.Release|x64.Build.0 = Release|x64
		{19B8A0C2-623B-45B7-A7DE-D35C8AFEDF20}.Release|x86.ActiveCfg = Release|Win32
		{19B8A0C2-623B-45B7-A7DE-D35C8AFEDF20}.Release|x86.Build.0 = Release|Win32
		{96E7B3D2-273A-4A4E-98B4-6A1CFDCF5004}.Debug|x64.ActiveCfg = Debug|x64
		{96E7B3D2-273A-4A4E-98B4-6A1CFDCF5004}.Debug|x64.Build.0 = Debug|x64
		{96E7B3D2-273A-4A4E-98B4-6A1CFDCF5004}.Debug|x86.ActiveCfg = Debug|Win32
		{96E7B3D2-273A-4A4E-98B4-6A1CFDCF5004}.Debug|x86.Build.0 = Debug|Win32
		{96E7B3D2-273A-4A4E-98B4-6A1CFDCF5004}.Release|x64.ActiveCfg = Release|x64
		{96E7B3D2-273A-4A4E-98B4-6A1CFDCF5004}.Release|x64.Build.0 = Release|x64
		{96E7B3D2-273A-4A4E-98B4-6A1CFDCF5004}.Release|x86.ActiveCfg = Release|Win32
		{96E7B3D2-273A-4A4E-98B4-6A1CFDCF5004}.Release|x86.Build.0 = Release|Win32
		{D7601A1C-D409-4DDE-9EC5-71E2B161472D}.Debug|x64.ActiveCfg = Debug|x64
		{D7601A1C-D409-4DDE-9EC5-71E2B161472D}.Debug|x64.Build.0 = Debug|x64
		{D7601A1C-D409-4DDE-9EC5-71E2B161472D}.Debug|x86.ActiveCfg = Debug|Win32
		{D7601A1C-D409-4DDE-9EC5-71E2B161472D}.Debug|x86.Build.0 = Debug|Win32
		{D7601A1C-D409-4DDE-9EC5-71E2B161472D}.Release|x64.ActiveCfg = Release|x64
		{D7601A1C-D409-4DDE-9EC5-71E2B161472D}.Release|x64.Build.0 = Release|x64
		{D7601A1C-D409-4DDE-9EC5-71E2B161472D}.Release|x86.ActiveCfg = Release|Win32
		{D7601A1C-D409-4DDE-9EC5-71E2B161472D}.Release|x86.Build.0 = Release|Win32
		{95F6757D-9FE4-42D0-A4DB-9FD0785A0EA5}.Debug|x64.ActiveCfg = Debug|x64
		{95F6757D-9FE4-42D0-A4DB-9FD0785A0EA5}.Debug|x64.Build.0 = Debug|x64
		{95F6757D-9FE4-42D0-A4DB-9FD0785A0EA5}.Debug|x86.ActiveCfg = Debug|Win32
		{95F6757D-9FE4-42D0-A4DB-9FD0785A0EA5}.Debug|x86.Build.0 = Debug|Win32
		{95F6757D-9FE4-42D0-A4DB-9FD0785A0EA5}.Release|x64.ActiveCfg = Release|x64
		{95F6757D-9FE4-42D0-A4DB-9FD0785A0EA5}.Release|x64.Build.0 = Release|x64
		{95F6757D-9FE4-42D0-A4DB-9FD0785A0EA5}.Release|x86.ActiveCfg = Release|Win32
		{95F6757D-9FE4-42D0-A4DB-9FD0785A0EA5}.Release|x86.Build.0 = Release|Win32
		{DDD99F4A-FCBD-4814-90C9-6E004D0B01CC}.Debug|x64.ActiveCfg = Debug|x64
		{DDD99F4A-FCBD-4814-90C9-6E004D0B01CC}.Debug|x64.Build.0 = Debug|x64
		{DDD99F4A-FCBD-4814-90C9-6E004D0B01CC}.Debug|x86.ActiveCfg = Debug|Win32
		{DDD99F4A-FCBD-4814-90C9-6E004D0B01CC}.Debug|x86.Build.0 = Debug|Win32
		{DDD99F4A-FCBD-4814-90C9-6E004D0B01CC}.Release|x64.ActiveCfg = Release|x64
		{DDD99F4A-FCBD-4814-90C9-6E004D0B01CC}.Release|x64.Build.0 = Release|x64
		{DDD99F4A-FCBD-4814-90C9-6E004D0B01CC}.Release|x86.ActiveCfg = Release|Win32
		{DDD99F4A-FCBD-4814-90C9-6E004D0B01CC}.Release|x86.Build.0 = Release|Win32
	EndGlobalSection
	GlobalSection(SolutionProperties) = preSolution
		HideSolutionNode = FALSE
	EndGlobalSection
	GlobalSection(ExtensibilityGlobals) = postSolution
		SolutionGuid = {298B6C5D-30CE-4DCE-BACC-61ECDFAF7E1E}
	EndGlobalSection
EndGlobal
